PODS:
  - awesome_notifications (0.9.0):
    - Flutter
    - IosAwnCore (~> 0.9.1)
  - Flutter (1.0.0)
  - IosAwnCore (0.9.1)

DEPENDENCIES:
  - awesome_notifications (from `.symlinks/plugins/awesome_notifications/ios`)
  - Flutter (from `Flutter`)

SPEC REPOS:
  trunk:
    - IosAwnCore

EXTERNAL SOURCES:
  awesome_notifications:
    :path: ".symlinks/plugins/awesome_notifications/ios"
  Flutter:
    :path: Flutter

SPEC CHECKSUMS:
  awesome_notifications: 399076ea2bdf119beef9126f1ca6914215390997
  Flutter: f04841e97a9d0b0a8025694d0796dd46242b2854
  IosAwnCore: 4691f457bd8dc9a3a0a941cee6439a894a0b81aa

PODFILE CHECKSUM: 70d9d25280d0dd177a5f637cdb0f0b0b12c6a189

COCOAPODS: 1.14.3
